
Microsoft Visual Studio Solution File, Format Version 11.00
# Visual Studio 2010
Project("{FAE04EC0-301F-11D3-BF4B-00C04F79EFBC}") = "FedRolesCP", "FedRolesCP\FedRolesCP.csproj", "{1BB8217B-3A79-479B-B4C1-72571A01E6CC}"
EndProject
Project("{FAE04EC0-301F-11D3-BF4B-00C04F79EFBC}") = "ClaimsViewerWebPart", "ClaimsViewerWebPart\ClaimsViewerWebPart.csproj", "{806CE567-D247-49D7-BA7B-D195C5DA23BE}"
EndProject
Global
	GlobalSection(SolutionConfigurationPlatforms) = preSolution
		Debug|Any CPU = Debug|Any CPU
		Release|Any CPU = Release|Any CPU
	EndGlobalSection
	GlobalSection(ProjectConfigurationPlatforms) = postSolution
		{1BB8217B-3A79-479B-B4C1-72571A01E6CC}.Debug|Any CPU.ActiveCfg = Debug|Any CPU
		{1BB8217B-3A79-479B-B4C1-72571A01E6CC}.Debug|Any CPU.Build.0 = Debug|Any CPU
		{1BB8217B-3A79-479B-B4C1-72571A01E6CC}.Debug|Any CPU.Deploy.0 = Debug|Any CPU
		{1BB8217B-3A79-479B-B4C1-72571A01E6CC}.Release|Any CPU.ActiveCfg = Release|Any CPU
		{1BB8217B-3A79-479B-B4C1-72571A01E6CC}.Release|Any CPU.Build.0 = Release|Any CPU
		{1BB8217B-3A79-479B-B4C1-72571A01E6CC}.Release|Any CPU.Deploy.0 = Release|Any CPU
		{806CE567-D247-49D7-BA7B-D195C5DA23BE}.Debug|Any CPU.ActiveCfg = Debug|Any CPU
		{806CE567-D247-49D7-BA7B-D195C5DA23BE}.Debug|Any CPU.Build.0 = Debug|Any CPU
		{806CE567-D247-49D7-BA7B-D195C5DA23BE}.Debug|Any CPU.Deploy.0 = Debug|Any CPU
		{806CE567-D247-49D7-BA7B-D195C5DA23BE}.Release|Any CPU.ActiveCfg = Release|Any CPU
		{806CE567-D247-49D7-BA7B-D195C5DA23BE}.Release|Any CPU.Build.0 = Release|Any CPU
		{806CE567-D247-49D7-BA7B-D195C5DA23BE}.Release|Any CPU.Deploy.0 = Release|Any CPU
	EndGlobalSection
	GlobalSection(SolutionProperties) = preSolution
		HideSolutionNode = FALSE
	EndGlobalSection
EndGlobal
